// !$*UTF8*$!
{
	archiveVersion = 1;
	classes = {
	};
	objectVersion = 48;
	objects = {

/* Begin PBXBuildFile section */
		02C136D01FC51AF100DE15B9 /* AppDelegate.swift in Sources */ = {isa = PBXBuildFile; fileRef = 02C136CF1FC51AF100DE15B9 /* AppDelegate.swift */; };
		02C136D21FC51AF100DE15B9 /* ViewController.swift in Sources */ = {isa = PBXBuildFile; fileRef = 02C136D11FC51AF100DE15B9 /* ViewController.swift */; };
		02C136D51FC51AF100DE15B9 /* Main.storyboard in Resources */ = {isa = PBXBuildFile; fileRef = 02C136D31FC51AF100DE15B9 /* Main.storyboard */; };
		02C136D71FC51AF100DE15B9 /* Assets.xcassets in Resources */ = {isa = PBXBuildFile; fileRef = 02C136D61FC51AF100DE15B9 /* Assets.xcassets */; };
		02C136DA1FC51AF100DE15B9 /* LaunchScreen.storyboard in Resources */ = {isa = PBXBuildFile; fileRef = 02C136D81FC51AF100DE15B9 /* LaunchScreen.storyboard */; };
		02C136E21FC51CCF00DE15B9 /* CurrentWeather.swift in Sources */ = {isa = PBXBuildFile; fileRef = 02C136E11FC51CCF00DE15B9 /* CurrentWeather.swift */; };
		02C136E41FC5217400DE15B9 /* JSONparser.swift in Sources */ = {isa = PBXBuildFile; fileRef = 02C136E31FC5217400DE15B9 /* JSONparser.swift */; };
		E869576C2E787F344B17BADA /* Pods_WeatherThan.framework in Frameworks */ = {isa = PBXBuildFile; fileRef = 4068A378BA4B22667A2979E1 /* Pods_WeatherThan.framework */; };
/* End PBXBuildFile section */

/* Begin PBXFileReference section */
		02C136CC1FC51AF100DE15B9 /* WeatherThan.app */ = {isa = PBXFileReference; explicitFileType = wrapper.application; includeInIndex = 0; path = WeatherThan.app; sourceTree = BUILT_PRODUCTS_DIR; };
		02C136CF1FC51AF100DE15B9 /* AppDelegate.swift */ = {isa = PBXFileReference; lastKnownFileType = sourcecode.swift; path = AppDelegate.swift; sourceTree = "<group>"; };
		02C136D11FC51AF100DE15B9 /* ViewController.swift */ = {isa = PBXFileReference; lastKnownFileType = sourcecode.swift; path = ViewController.swift; sourceTree = "<group>"; };
		02C136D41FC51AF100DE15B9 /* Base */ = {isa = PBXFileReference; lastKnownFileType = file.storyboard; name = Base; path = Base.lproj/Main.storyboard; sourceTree = "<group>"; };
		02C136D61FC51AF100DE15B9 /* Assets.xcassets */ = {isa = PBXFileReference; lastKnownFileType = folder.assetcatalog; path = Assets.xcassets; sourceTree = "<group>"; };
		02C136D91FC51AF100DE15B9 /* Base */ = {isa = PBXFileReference; lastKnownFileType = file.storyboard; name = Base; path = Base.lproj/LaunchScreen.storyboard; sourceTree = "<group>"; };
		02C136DB1FC51AF100DE15B9 /* Info.plist */ = {isa = PBXFileReference; lastKnownFileType = text.plist.xml; path = Info.plist; sourceTree = "<group>"; };
		02C136E11FC51CCF00DE15B9 /* CurrentWeather.swift */ = {isa = PBXFileReference; lastKnownFileType = sourcecode.swift; path = CurrentWeather.swift; sourceTree = "<group>"; };
		02C136E31FC5217400DE15B9 /* JSONparser.swift */ = {isa = PBXFileReference; lastKnownFileType = sourcecode.swift; path = JSONparser.swift; sourceTree = "<group>"; };
		28F9CF080DEDD93709D54A8A /* Pods-WeatherThan.release.xcconfig */ = {isa = PBXFileReference; includeInIndex = 1; lastKnownFileType = text.xcconfig; name = "Pods-WeatherThan.release.xcconfig"; path = "Pods/Target Support Files/Pods-WeatherThan/Pods-WeatherThan.release.xcconfig"; sourceTree = "<group>"; };
		4068A378BA4B22667A2979E1 /* Pods_WeatherThan.framework */ = {isa = PBXFileReference; explicitFileType = wrapper.framework; includeInIndex = 0; path = Pods_WeatherThan.framework; sourceTree = BUILT_PRODUCTS_DIR; };
		DBD04BAD63B52B254A8085E3 /* Pods-WeatherThan.debug.xcconfig */ = {isa = PBXFileReference; includeInIndex = 1; lastKnownFileType = text.xcconfig; name = "Pods-WeatherThan.debug.xcconfig"; path = "Pods/Target Support Files/Pods-WeatherThan/Pods-WeatherThan.debug.xcconfig"; sourceTree = "<group>"; };
/* End PBXFileReference section */

/* Begin PBXFrameworksBuildPhase section */
		02C136C91FC51AF000DE15B9 /* Frameworks */ = {
			isa = PBXFrameworksBuildPhase;
			buildActionMask = 2147483647;
			files = (
				E869576C2E787F344B17BADA /* Pods_WeatherThan.framework in Frameworks */,
			);
			runOnlyForDeploymentPostprocessing = 0;
		};
/* End PBXFrameworksBuildPhase section */

/* Begin PBXGroup section */
		02C136C31FC51AF000DE15B9 = {
			isa = PBXGroup;
			children = (
				02C136CE1FC51AF100DE15B9 /* WeatherThan */,
				02C136CD1FC51AF100DE15B9 /* Products */,
				EB63592CBCEDC6F7D8C8CF10 /* Pods */,
				CCEA1563B5195C4A4D472763 /* Frameworks */,
			);
			sourceTree = "<group>";
		};
		02C136CD1FC51AF100DE15B9 /* Products */ = {
			isa = PBXGroup;
			children = (
				02C136CC1FC51AF100DE15B9 /* WeatherThan.app */,
			);
			name = Products;
			sourceTree = "<group>";
		};
		02C136CE1FC51AF100DE15B9 /* WeatherThan */ = {
			isa = PBXGroup;
			children = (
				02C136CF1FC51AF100DE15B9 /* AppDelegate.swift */,
				02C136D11FC51AF100DE15B9 /* ViewController.swift */,
				02C136D31FC51AF100DE15B9 /* Main.storyboard */,
				02C136E11FC51CCF00DE15B9 /* CurrentWeather.swift */,
				02C136E31FC5217400DE15B9 /* JSONparser.swift */,
				02C136D61FC51AF100DE15B9 /* Assets.xcassets */,
				02C136D81FC51AF100DE15B9 /* LaunchScreen.storyboard */,
				02C136DB1FC51AF100DE15B9 /* Info.plist */,
			);
			path = WeatherThan;
			sourceTree = "<group>";
		};
		CCEA1563B5195C4A4D472763 /* Frameworks */ = {
			isa = PBXGroup;
			children = (
				4068A378BA4B22667A2979E1 /* Pods_WeatherThan.framework */,
			);
			name = Frameworks;
			sourceTree = "<group>";
		};
		EB63592CBCEDC6F7D8C8CF10 /* Pods */ = {
			isa = PBXGroup;
			children = (
				DBD04BAD63B52B254A8085E3 /* Pods-WeatherThan.debug.xcconfig */,
				28F9CF080DEDD93709D54A8A /* Pods-WeatherThan.release.xcconfig */,
			);
			name = Pods;
			sourceTree = "<group>";
		};
/* End PBXGroup section */

/* Begin PBXNativeTarget section */
		02C136CB1FC51AF000DE15B9 /* WeatherThan */ = {
			isa = PBXNativeTarget;
			buildConfigurationList = 02C136DE1FC51AF100DE15B9 /* Build configuration list for PBXNativeTarget "WeatherThan" */;
			buildPhases = (
				477FA9650351F18CBF95FFAE /* [CP] Check Pods Manifest.lock */,
				02C136C81FC51AF000DE15B9 /* Sources */,
				02C136C91FC51AF000DE15B9 /* Frameworks */,
				02C136CA1FC51AF000DE15B9 /* Resources */,
				011921416FF7F59F0C86781D /* [CP] Embed Pods Frameworks */,
				023819C5505718201EB008A0 /* [CP] Copy Pods Resources */,
			);
			buildRules = (
			);
			dependencies = (
			);
			name = WeatherThan;
			productName = WeatherThan;
			productReference = 02C136CC1FC51AF100DE15B9 /* WeatherThan.app */;
			productType = "com.apple.product-type.application";
		};
/* End PBXNativeTarget section */

/* Begin PBXProject section */
		02C136C41FC51AF000DE15B9 /* Project object */ = {
			isa = PBXProject;
			attributes = {
				LastSwiftUpdateCheck = 0910;
				LastUpgradeCheck = 0910;
				ORGANIZATIONNAME = MinKwon;
				TargetAttributes = {
					02C136CB1FC51AF000DE15B9 = {
						CreatedOnToolsVersion = 9.1;
						ProvisioningStyle = Automatic;
					};
				};
			};
			buildConfigurationList = 02C136C71FC51AF000DE15B9 /* Build configuration list for PBXProject "WeatherThan" */;
			compatibilityVersion = "Xcode 8.0";
			developmentRegion = en;
			hasScannedForEncodings = 0;
			knownRegions = (
				en,
				Base,
			);
			mainGroup = 02C136C31FC51AF000DE15B9;
			productRefGroup = 02C136CD1FC51AF100DE15B9 /* Products */;
			projectDirPath = "";
			projectRoot = "";
			targets = (
				02C136CB1FC51AF000DE15B9 /* WeatherThan */,
			);
		};
/* End PBXProject section */

/* Begin PBXResourcesBuildPhase section */
		02C136CA1FC51AF000DE15B9 /* Resources */ = {
			isa = PBXResourcesBuildPhase;
			buildActionMask = 2147483647;
			files = (
				02C136DA1FC51AF100DE15B9 /* LaunchScreen.storyboard in Resources */,
				02C136D71FC51AF100DE15B9 /* Assets.xcassets in Resources */,
				02C136D51FC51AF100DE15B9 /* Main.storyboard in Resources */,
			);
			runOnlyForDeploymentPostprocessing = 0;
		};
/* End PBXResourcesBuildPhase section */

/* Begin PBXShellScriptBuildPhase section */
		011921416FF7F59F0C86781D /* [CP] Embed Pods Frameworks */ = {
			isa = PBXShellScriptBuildPhase;
			buildActionMask = 2147483647;
			files = (
			);
			inputPaths = (
				"${SRCROOT}/Pods/Target Support Files/Pods-WeatherThan/Pods-WeatherThan-frameworks.sh",
				"${BUILT_PRODUCTS_DIR}/Alamofire/Alamofire.framework",
			);
			name = "[CP] Embed Pods Frameworks";
			outputPaths = (
				"${TARGET_BUILD_DIR}/${FRAMEWORKS_FOLDER_PATH}/Alamofire.framework",
			);
			runOnlyForDeploymentPostprocessing = 0;
			shellPath = /bin/sh;
			shellScript = "\"${SRCROOT}/Pods/Target Support Files/Pods-WeatherThan/Pods-WeatherThan-frameworks.sh\"\n";
			showEnvVarsInLog = 0;
		};
		023819C5505718201EB008A0 /* [CP] Copy Pods Resources */ = {
			isa = PBXShellScriptBuildPhase;
			buildActionMask = 2147483647;
			files = (
			);
			inputPaths = (
			);
			name = "[CP] Copy Pods Resources";
			outputPaths = (
			);
			runOnlyForDeploymentPostprocessing = 0;
			shellPath = /bin/sh;
			shellScript = "\"${SRCROOT}/Pods/Target Support Files/Pods-WeatherThan/Pods-WeatherThan-resources.sh\"\n";
			showEnvVarsInLog = 0;
		};
		477FA9650351F18CBF95FFAE /* [CP] Check Pods Manifest.lock */ = {
			isa = PBXShellScriptBuildPhase;
			buildActionMask = 2147483647;
			files = (
			);
			inputPaths = (
				"${PODS_PODFILE_DIR_PATH}/Podfile.lock",
				"${PODS_ROOT}/Manifest.lock",
			);
			name = "[CP] Check Pods Manifest.lock";
			outputPaths = (
				"$(DERIVED_FILE_DIR)/Pods-WeatherThan-checkManifestLockResult.txt",
			);
			runOnlyForDeploymentPostprocessing = 0;
			shellPath = /bin/sh;
			shellScript = "diff \"${PODS_PODFILE_DIR_PATH}/Podfile.lock\" \"${PODS_ROOT}/Manifest.lock\" > /dev/null\nif [ $? != 0 ] ; then\n    # print error to STDERR\n    echo \"error: The sandbox is not in sync with the Podfile.lock. Run 'pod install' or update your CocoaPods installation.\" >&2\n    exit 1\nfi\n# This output is used by Xcode 'outputs' to avoid re-running this script phase.\necho \"SUCCESS\" > \"${SCRIPT_OUTPUT_FILE_0}\"\n";
			showEnvVarsInLog = 0;
		};
/* End PBXShellScriptBuildPhase section */

/* Begin PBXSourcesBuildPhase section */
		02C136C81FC51AF000DE15B9 /* Sources */ = {
			isa = PBXSourcesBuildPhase;
			buildActionMask = 2147483647;
			files = (
				02C136D21FC51AF100DE15B9 /* ViewController.swift in Sources */,
				02C136E21FC51CCF00DE15B9 /* CurrentWeather.swift in Sources */,
				02C136E41FC5217400DE15B9 /* JSONparser.swift in Sources */,
				02C136D01FC51AF100DE15B9 /* AppDelegate.swift in Sources */,
			);
			runOnlyForDeploymentPostprocessing = 0;
		};
/* End PBXSourcesBuildPhase section */

/* Begin PBXVariantGroup section */
		02C136D31FC51AF100DE15B9 /* Main.storyboard */ = {
			isa = PBXVariantGroup;
			children = (
				02C136D41FC51AF100DE15B9 /* Base */,
			);
			name = Main.storyboard;
			sourceTree = "<group>";
		};
		02C136D81FC51AF100DE15B9 /* LaunchScreen.storyboard */ = {
			isa = PBXVariantGroup;
			children = (
				02C136D91FC51AF100DE15B9 /* Base */,
			);
			name = LaunchScreen.storyboard;
			sourceTree = "<group>";
		};
/* End PBXVariantGroup section */

/* Begin XCBuildConfiguration section */
		02C136DC1FC51AF100DE15B9 /* Debug */ = {
			isa = XCBuildConfiguration;
			buildSettings = {
				ALWAYS_SEARCH_USER_PATHS = NO;
				CLANG_ANALYZER_NONNULL = YES;
				CLANG_ANALYZER_NUMBER_OBJECT_CONVERSION = YES_AGGRESSIVE;
				CLANG_CXX_LANGUAGE_STANDARD = "gnu++14";
				CLANG_CXX_LIBRARY = "libc++";
				CLANG_ENABLE_MODULES = YES;
				CLANG_ENABLE_OBJC_ARC = YES;
				CLANG_WARN_BLOCK_CAPTURE_AUTORELEASING = YES;
				CLANG_WARN_BOOL_CONVERSION = YES;
				CLANG_WARN_COMMA = YES;
				CLANG_WARN_CONSTANT_CONVERSION = YES;
				CLANG_WARN_DIRECT_OBJC_ISA_USAGE = YES_ERROR;
				CLANG_WARN_DOCUMENTATION_COMMENTS = YES;
				CLANG_WARN_EMPTY_BODY = YES;
				CLANG_WARN_ENUM_CONVERSION = YES;
				CLANG_WARN_INFINITE_RECURSION = YES;
				CLANG_WARN_INT_CONVERSION = YES;
				CLANG_WARN_NON_LITERAL_NULL_CONVERSION = YES;
				CLANG_WARN_OBJC_LITERAL_CONVERSION = YES;
				CLANG_WARN_OBJC_ROOT_CLASS = YES_ERROR;
				CLANG_WARN_RANGE_LOOP_ANALYSIS = YES;
				CLANG_WARN_STRICT_PROTOTYPES = YES;
				CLANG_WARN_SUSPICIOUS_MOVE = YES;
				CLANG_WARN_UNGUARDED_AVAILABILITY = YES_AGGRESSIVE;
				CLANG_WARN_UNREACHABLE_CODE = YES;
				CLANG_WARN__DUPLICATE_METHOD_MATCH = YES;
				CODE_SIGN_IDENTITY = "iPhone Developer";
				COPY_PHASE_STRIP = NO;
				DEBUG_INFORMATION_FORMAT = dwarf;
				ENABLE_STRICT_OBJC_MSGSEND = YES;
				ENABLE_TESTABILITY = YES;
				GCC_C_LANGUAGE_STANDARD = gnu11;
				GCC_DYNAMIC_NO_PIC = NO;
				GCC_NO_COMMON_BLOCKS = YES;
				GCC_OPTIMIZATION_LEVEL = 0;
				GCC_PREPROCESSOR_DEFINITIONS = (
					"DEBUG=1",
					"$(inherited)",
				);
				GCC_WARN_64_TO_32_BIT_CONVERSION = YES;
				GCC_WARN_ABOUT_RETURN_TYPE = YES_ERROR;
				GCC_WARN_UNDECLARED_SELECTOR = YES;
				GCC_WARN_UNINITIALIZED_AUTOS = YES_AGGRESSIVE;
				GCC_WARN_UNUSED_FUNCTION = YES;
				GCC_WARN_UNUSED_VARIABLE = YES;
				IPHONEOS_DEPLOYMENT_TARGET = 11.1;
				MTL_ENABLE_DEBUG_INFO = YES;
				ONLY_ACTIVE_ARCH = YES;
				SDKROOT = iphoneos;
				SWIFT_ACTIVE_COMPILATION_CONDITIONS = DEBUG;
				SWIFT_OPTIMIZATION_LEVEL = "-Onone";
			};
			name = Debug;
		};
		02C136DD1FC51AF100DE15B9 /* Release */ = {
			isa = XCBuildConfiguration;
			buildSettings = {
				ALWAYS_SEARCH_USER_PATHS = NO;
				CLANG_ANALYZER_NONNULL = YES;
				CLANG_ANALYZER_NUMBER_OBJECT_CONVERSION = YES_AGGRESSIVE;
				CLANG_CXX_LANGUAGE_STANDARD = "gnu++14";
				CLANG_CXX_LIBRARY = "libc++";
				CLANG_ENABLE_MODULES = YES;
				CLANG_ENABLE_OBJC_ARC = YES;
				CLANG_WARN_BLOCK_CAPTURE_AUTORELEASING = YES;
				CLANG_WARN_BOOL_CONVERSION = YES;
				CLANG_WARN_COMMA = YES;
				CLANG_WARN_CONSTANT_CONVERSION = YES;
				CLANG_WARN_DIRECT_OBJC_ISA_USAGE = YES_ERROR;
				CLANG_WARN_DOCUMENTATION_COMMENTS = YES;
				CLANG_WARN_EMPTY_BODY = YES;
				CLANG_WARN_ENUM_CONVERSION = YES;
				CLANG_WARN_INFINITE_RECURSION = YES;
				CLANG_WARN_INT_CONVERSION = YES;
				CLANG_WARN_NON_LITERAL_NULL_CONVERSION = YES;
				CLANG_WARN_OBJC_LITERAL_CONVERSION = YES;
				CLANG_WARN_OBJC_ROOT_CLASS = YES_ERROR;
				CLANG_WARN_RANGE_LOOP_ANALYSIS = YES;
				CLANG_WARN_STRICT_PROTOTYPES = YES;
				CLANG_WARN_SUSPICIOUS_MOVE = YES;
				CLANG_WARN_UNGUARDED_AVAILABILITY = YES_AGGRESSIVE;
				CLANG_WARN_UNREACHABLE_CODE = YES;
				CLANG_WARN__DUPLICATE_METHOD_MATCH = YES;
				CODE_SIGN_IDENTITY = "iPhone Developer";
				COPY_PHASE_STRIP = NO;
				DEBUG_INFORMATION_FORMAT = "dwarf-with-dsym";
				ENABLE_NS_ASSERTIONS = NO;
				ENABLE_STRICT_OBJC_MSGSEND = YES;
				GCC_C_LANGUAGE_STANDARD = gnu11;
				GCC_NO_COMMON_BLOCKS = YES;
				GCC_WARN_64_TO_32_BIT_CONVERSION = YES;
				GCC_WARN_ABOUT_RETURN_TYPE = YES_ERROR;
				GCC_WARN_UNDECLARED_SELECTOR = YES;
				GCC_WARN_UNINITIALIZED_AUTOS = YES_AGGRESSIVE;
				GCC_WARN_UNUSED_FUNCTION = YES;
				GCC_WARN_UNUSED_VARIABLE = YES;
				IPHONEOS_DEPLOYMENT_TARGET = 11.1;
				MTL_ENABLE_DEBUG_INFO = NO;
				SDKROOT = iphoneos;
				SWIFT_OPTIMIZATION_LEVEL = "-Owholemodule";
				VALIDATE_PRODUCT = YES;
			};
			name = Release;
		};
		02C136DF1FC51AF100DE15B9 /* Debug */ = {
			isa = XCBuildConfiguration;
			baseConfigurationReference = DBD04BAD63B52B254A8085E3 /* Pods-WeatherThan.debug.xcconfig */;
			buildSettings = {
				ASSETCATALOG_COMPILER_APPICON_NAME = AppIcon;
				CODE_SIGN_STYLE = Automatic;
				DEVELOPMENT_TEAM = 39FK66NX2P;
				INFOPLIST_FILE = WeatherThan/Info.plist;
				IPHONEOS_DEPLOYMENT_TARGET = 9.3;
				LD_RUNPATH_SEARCH_PATHS = "$(inherited) @executable_path/Frameworks";
				PRODUCT_BUNDLE_IDENTIFIER = com.mkwon.WeatherThan;
				PRODUCT_NAME = "$(TARGET_NAME)";
				SWIFT_VERSION = 4.0;
				TARGETED_DEVICE_FAMILY = 1;
			};
			name = Debug;
		};
		02C136E01FC51AF100DE15B9 /* Release */ = {
			isa = XCBuildConfiguration;
			baseConfigurationReference = 28F9CF080DEDD93709D54A8A /* Pods-WeatherThan.release.xcconfig */;
			buildSettings = {
				ASSETCATALOG_COMPILER_APPICON_NAME = AppIcon;
				CODE_SIGN_STYLE = Automatic;
				DEVELOPMENT_TEAM = 39FK66NX2P;
				INFOPLIST_FILE = WeatherThan/Info.plist;
				IPHONEOS_DEPLOYMENT_TARGET = 9.3;
				LD_RUNPATH_SEARCH_PATHS = "$(inherited) @executable_path/Frameworks";
				PRODUCT_BUNDLE_IDENTIFIER = com.mkwon.WeatherThan;
				PRODUCT_NAME = "$(TARGET_NAME)";
				SWIFT_VERSION = 4.0;
				TARGETED_DEVICE_FAMILY = 1;
			};
			name = Release;
		};
/* End XCBuildConfiguration section */

/* Begin XCConfigurationList section */
		02C136C71FC51AF000DE15B9 /* Build configuration list for PBXProject "WeatherThan" */ = {
			isa = XCConfigurationList;
			buildConfigurations = (
				02C136DC1FC51AF100DE15B9 /* Debug */,
				02C136DD1FC51AF100DE15B9 /* Release */,
			);
			defaultConfigurationIsVisible = 0;
			defaultConfigurationName = Release;
		};
		02C136DE1FC51AF100DE15B9 /* Build configuration list for PBXNativeTarget "WeatherThan" */ = {
			isa = XCConfigurationList;
			buildConfigurations = (
				02C136DF1FC51AF100DE15B9 /* Debug */,
				02C136E01FC51AF100DE15B9 /* Release */,
			);
			defaultConfigurationIsVisible = 0;
			defaultConfigurationName = Release;
		};
/* End XCConfigurationList section */
	};
	rootObject = 02C136C41FC51AF000DE15B9 /* Project object */;
}
